
Microsoft Visual Studio Solution File, Format Version 12.00
# Visual Studio Version 16
VisualStudioVersion = 16.0.31112.23
MinimumVisualStudioVersion = 10.0.40219.1
Project("{FAE04EC0-301F-11D3-BF4B-00C04F79EFBC}") = "ClassLibrary", "ClassLibrary\ClassLibrary.csproj", "{77DC6FFA-D4D8-4621-89C3-4847FDC14C5C}"
EndProject
Global
	GlobalSection(SolutionConfigurationPlatforms) = preSolution
		Debug|Any CPU = Debug|Any CPU
		Release|Any CPU = Release|Any CPU
	EndGlobalSection
	GlobalSection(ProjectConfigurationPlatforms) = postSolution
		{77DC6FFA-D4D8-4621-89C3-4847FDC14C5C}.Debug|Any CPU.ActiveCfg = Debug|Any CPU
		{77DC6FFA-D4D8-4621-89C3-4847FDC14C5C}.Debug|Any CPU.Build.0 = Debug|Any CPU
		{77DC6FFA-D4D8-4621-89C3-4847FDC14C5C}.Release|Any CPU.ActiveCfg = Release|Any CPU
		{77DC6FFA-D4D8-4621-89C3-4847FDC14C5C}.Release|Any CPU.Build.0 = Release|Any CPU
	EndGlobalSection
	GlobalSection(SolutionProperties) = preSolution
		HideSolutionNode = FALSE
	EndGlobalSection
	GlobalSection(ExtensibilityGlobals) = postSolution
		SolutionGuid = {14EC2BE8-CF8A-4BCB-994A-7688B656AE64}
	EndGlobalSection
EndGlobal
