
Microsoft Visual Studio Solution File, Format Version 12.00
# Visual Studio Version 16
VisualStudioVersion = 16.0.31112.23
MinimumVisualStudioVersion = 10.0.40219.1
Project("{FAE04EC0-301F-11D3-BF4B-00C04F79EFBC}") = "Entidades", "Entidades\Entidades.csproj", "{DDB9ED49-8EF4-432A-AF3E-72A682C1F7D7}"
EndProject
Project("{FAE04EC0-301F-11D3-BF4B-00C04F79EFBC}") = "FrmTP03", "FrmTP03\FrmTP03.csproj", "{1607FED3-5787-456F-A2B6-7C1711ACDE70}"
EndProject
Project("{FAE04EC0-301F-11D3-BF4B-00C04F79EFBC}") = "TestUnitario", "TestUnitario\TestUnitario.csproj", "{32DBDC03-24C5-4CAA-ACBB-A5E1E45A1A4A}"
EndProject
Project("{FAE04EC0-301F-11D3-BF4B-00C04F79EFBC}") = "Test", "Test\Test.csproj", "{F1D2577F-B025-4A0F-9706-11EA85A2E6B5}"
EndProject
Global
	GlobalSection(SolutionConfigurationPlatforms) = preSolution
		Debug|Any CPU = Debug|Any CPU
		Release|Any CPU = Release|Any CPU
	EndGlobalSection
	GlobalSection(ProjectConfigurationPlatforms) = postSolution
		{DDB9ED49-8EF4-432A-AF3E-72A682C1F7D7}.Debug|Any CPU.ActiveCfg = Debug|Any CPU
		{DDB9ED49-8EF4-432A-AF3E-72A682C1F7D7}.Debug|Any CPU.Build.0 = Debug|Any CPU
		{DDB9ED49-8EF4-432A-AF3E-72A682C1F7D7}.Release|Any CPU.ActiveCfg = Release|Any CPU
		{DDB9ED49-8EF4-432A-AF3E-72A682C1F7D7}.Release|Any CPU.Build.0 = Release|Any CPU
		{1607FED3-5787-456F-A2B6-7C1711ACDE70}.Debug|Any CPU.ActiveCfg = Debug|Any CPU
		{1607FED3-5787-456F-A2B6-7C1711ACDE70}.Debug|Any CPU.Build.0 = Debug|Any CPU
		{1607FED3-5787-456F-A2B6-7C1711ACDE70}.Release|Any CPU.ActiveCfg = Release|Any CPU
		{1607FED3-5787-456F-A2B6-7C1711ACDE70}.Release|Any CPU.Build.0 = Release|Any CPU
		{32DBDC03-24C5-4CAA-ACBB-A5E1E45A1A4A}.Debug|Any CPU.ActiveCfg = Debug|Any CPU
		{32DBDC03-24C5-4CAA-ACBB-A5E1E45A1A4A}.Debug|Any CPU.Build.0 = Debug|Any CPU
		{32DBDC03-24C5-4CAA-ACBB-A5E1E45A1A4A}.Release|Any CPU.ActiveCfg = Release|Any CPU
		{32DBDC03-24C5-4CAA-ACBB-A5E1E45A1A4A}.Release|Any CPU.Build.0 = Release|Any CPU
		{F1D2577F-B025-4A0F-9706-11EA85A2E6B5}.Debug|Any CPU.ActiveCfg = Debug|Any CPU
		{F1D2577F-B025-4A0F-9706-11EA85A2E6B5}.Debug|Any CPU.Build.0 = Debug|Any CPU
		{F1D2577F-B025-4A0F-9706-11EA85A2E6B5}.Release|Any CPU.ActiveCfg = Release|Any CPU
		{F1D2577F-B025-4A0F-9706-11EA85A2E6B5}.Release|Any CPU.Build.0 = Release|Any CPU
	EndGlobalSection
	GlobalSection(SolutionProperties) = preSolution
		HideSolutionNode = FALSE
	EndGlobalSection
	GlobalSection(ExtensibilityGlobals) = postSolution
		SolutionGuid = {013C237C-DC78-4041-9658-937BC535917E}
	EndGlobalSection
EndGlobal
